
Microsoft Visual Studio Solution File, Format Version 12.00
# Visual Studio Version 16
VisualStudioVersion = 16.0.30523.141
MinimumVisualStudioVersion = 10.0.40219.1
Project("{FAE04EC0-301F-11D3-BF4B-00C04F79EFBC}") = "Lab_6", "Lab_6\Lab_6.csproj", "{A7DEDAB3-0068-4F84-B35B-EBDB4D57D079}"
EndProject
Global
	GlobalSection(SolutionConfigurationPlatforms) = preSolution
		Debug|Any CPU = Debug|Any CPU
		Release|Any CPU = Release|Any CPU
	EndGlobalSection
	GlobalSection(ProjectConfigurationPlatforms) = postSolution
		{A7DEDAB3-0068-4F84-B35B-EBDB4D57D079}.Debug|Any CPU.ActiveCfg = Debug|Any CPU
		{A7DEDAB3-0068-4F84-B35B-EBDB4D57D079}.Debug|Any CPU.Build.0 = Debug|Any CPU
		{A7DEDAB3-0068-4F84-B35B-EBDB4D57D079}.Release|Any CPU.ActiveCfg = Release|Any CPU
		{A7DEDAB3-0068-4F84-B35B-EBDB4D57D079}.Release|Any CPU.Build.0 = Release|Any CPU
	EndGlobalSection
	GlobalSection(SolutionProperties) = preSolution
		HideSolutionNode = FALSE
	EndGlobalSection
	GlobalSection(ExtensibilityGlobals) = postSolution
		SolutionGuid = {CD53E301-BDDD-46E1-82F4-53B8FF9C69F6}
	EndGlobalSection
EndGlobal
