
Microsoft Visual Studio Solution File, Format Version 12.00
# Visual Studio Version 16
VisualStudioVersion = 16.0.30804.86
MinimumVisualStudioVersion = 10.0.40219.1
Project("{FAE04EC0-301F-11D3-BF4B-00C04F79EFBC}") = "Lab_8", "Lab_8\Lab_8.csproj", "{883CA558-CCE5-4752-B3CB-0B303EDAA760}"
EndProject
Global
	GlobalSection(SolutionConfigurationPlatforms) = preSolution
		Debug|Any CPU = Debug|Any CPU
		Release|Any CPU = Release|Any CPU
	EndGlobalSection
	GlobalSection(ProjectConfigurationPlatforms) = postSolution
		{883CA558-CCE5-4752-B3CB-0B303EDAA760}.Debug|Any CPU.ActiveCfg = Debug|Any CPU
		{883CA558-CCE5-4752-B3CB-0B303EDAA760}.Debug|Any CPU.Build.0 = Debug|Any CPU
		{883CA558-CCE5-4752-B3CB-0B303EDAA760}.Release|Any CPU.ActiveCfg = Release|Any CPU
		{883CA558-CCE5-4752-B3CB-0B303EDAA760}.Release|Any CPU.Build.0 = Release|Any CPU
	EndGlobalSection
	GlobalSection(SolutionProperties) = preSolution
		HideSolutionNode = FALSE
	EndGlobalSection
	GlobalSection(ExtensibilityGlobals) = postSolution
		SolutionGuid = {0FA1A85D-89A0-4FDB-B385-8E30DEA0FE62}
	EndGlobalSection
EndGlobal
